
Microsoft Visual Studio Solution File, Format Version 12.00
# Visual Studio Version 16
VisualStudioVersion = 16.0.29905.134
MinimumVisualStudioVersion = 10.0.40219.1
Project("{FAE04EC0-301F-11D3-BF4B-00C04F79EFBC}") = "C3_Logger", "C3_Logger.csproj", "{D08DC4D9-99B9-44CC-8864-2A1BE0DEB56F}"
EndProject
Global
	GlobalSection(SolutionConfigurationPlatforms) = preSolution
		Debug|Any CPU = Debug|Any CPU
		Release|Any CPU = Release|Any CPU
	EndGlobalSection
	GlobalSection(ProjectConfigurationPlatforms) = postSolution
		{D08DC4D9-99B9-44CC-8864-2A1BE0DEB56F}.Debug|Any CPU.ActiveCfg = Debug|Any CPU
		{D08DC4D9-99B9-44CC-8864-2A1BE0DEB56F}.Debug|Any CPU.Build.0 = Debug|Any CPU
		{D08DC4D9-99B9-44CC-8864-2A1BE0DEB56F}.Release|Any CPU.ActiveCfg = Release|Any CPU
		{D08DC4D9-99B9-44CC-8864-2A1BE0DEB56F}.Release|Any CPU.Build.0 = Release|Any CPU
	EndGlobalSection
	GlobalSection(SolutionProperties) = preSolution
		HideSolutionNode = FALSE
	EndGlobalSection
	GlobalSection(ExtensibilityGlobals) = postSolution
		SolutionGuid = {DF90DF68-EBE9-4AD8-8B90-B2128DF3B875}
	EndGlobalSection
EndGlobal
